// !$*UTF8*$!
{
	archiveVersion = 1;
	classes = {
	};
	objectVersion = 48;
	objects = {

/* Begin PBXBuildFile section */
		4C27A4E42202E81700E8C9D2 /* B9095.cpp in Sources */ = {isa = PBXBuildFile; fileRef = 4C27A4E32202E81700E8C9D2 /* B9095.cpp */; };
/* End PBXBuildFile section */

/* Begin PBXCopyFilesBuildPhase section */
		4CF77E2B216372EB00E8DEF5 /* CopyFiles */ = {
			isa = PBXCopyFilesBuildPhase;
			buildActionMask = 2147483647;
			dstPath = /usr/share/man/man1/;
			dstSubfolderSpec = 0;
			files = (
			);
			runOnlyForDeploymentPostprocessing = 1;
		};
/* End PBXCopyFilesBuildPhase section */

/* Begin PBXFileReference section */
		4C023826216E171200657537 /* B1874.cpp */ = {isa = PBXFileReference; lastKnownFileType = sourcecode.cpp.cpp; path = B1874.cpp; sourceTree = "<group>"; };
		4C0302A4216CB63600B62BD5 /* B9012.cpp */ = {isa = PBXFileReference; lastKnownFileType = sourcecode.cpp.cpp; path = B9012.cpp; sourceTree = "<group>"; };
		4C0302AB216CCBE500B62BD5 /* B10828.cpp */ = {isa = PBXFileReference; lastKnownFileType = sourcecode.cpp.cpp; path = B10828.cpp; sourceTree = "<group>"; };
		4C0D981821DCA1880002F80D /* B11403.cpp */ = {isa = PBXFileReference; lastKnownFileType = sourcecode.cpp.cpp; path = B11403.cpp; sourceTree = "<group>"; };
		4C17E79021FEEE9100FD3D9F /* B2468.cpp */ = {isa = PBXFileReference; lastKnownFileType = sourcecode.cpp.cpp; path = B2468.cpp; sourceTree = "<group>"; };
		4C1EDF16217890DD00C07157 /* B2504.cpp */ = {isa = PBXFileReference; lastKnownFileType = sourcecode.cpp.cpp; path = B2504.cpp; sourceTree = "<group>"; };
		4C27A4E32202E81700E8C9D2 /* B9095.cpp */ = {isa = PBXFileReference; lastKnownFileType = sourcecode.cpp.cpp; path = B9095.cpp; sourceTree = "<group>"; };
		4C355AFB21DB4A6C0030DAE2 /* B1012.cpp */ = {isa = PBXFileReference; lastKnownFileType = sourcecode.cpp.cpp; path = B1012.cpp; sourceTree = "<group>"; };
		4C4F38DC220195C900C04E07 /* B6603.cpp */ = {isa = PBXFileReference; lastKnownFileType = sourcecode.cpp.cpp; path = B6603.cpp; sourceTree = "<group>"; };
		4C5273F5216661830038950F /* B7576.cpp */ = {isa = PBXFileReference; lastKnownFileType = sourcecode.cpp.cpp; path = B7576.cpp; sourceTree = "<group>"; };
		4C6A79A021809663000EBBFD /* B1158.cpp */ = {isa = PBXFileReference; lastKnownFileType = sourcecode.cpp.cpp; path = B1158.cpp; sourceTree = "<group>"; };
		4CA75E4E21F98D1200681663 /* B11724.cpp */ = {isa = PBXFileReference; lastKnownFileType = sourcecode.cpp.cpp; path = B11724.cpp; sourceTree = "<group>"; };
		4CA75E5021F99E4200681663 /* B1987.cpp */ = {isa = PBXFileReference; lastKnownFileType = sourcecode.cpp.cpp; path = B1987.cpp; sourceTree = "<group>"; };
		4CBFBF3921B6927C00918690 /* B2667.cpp */ = {isa = PBXFileReference; lastKnownFileType = sourcecode.cpp.cpp; path = B2667.cpp; sourceTree = "<group>"; };
		4CF42FAD2164C56D003A9556 /* B1697.cpp */ = {isa = PBXFileReference; lastKnownFileType = sourcecode.cpp.cpp; path = B1697.cpp; sourceTree = "<group>"; };
		4CF77E2D216372EB00E8DEF5 /* 23rdSoptAlgo */ = {isa = PBXFileReference; explicitFileType = "compiled.mach-o.executable"; includeInIndex = 0; path = 23rdSoptAlgo; sourceTree = BUILT_PRODUCTS_DIR; };
		4CF77E30216372EB00E8DEF5 /* B1260.cpp */ = {isa = PBXFileReference; lastKnownFileType = sourcecode.cpp.cpp; path = B1260.cpp; sourceTree = "<group>"; };
		4CF77E3A216391B100E8DEF5 /* B2178.cpp */ = {isa = PBXFileReference; lastKnownFileType = sourcecode.cpp.cpp; path = B2178.cpp; sourceTree = "<group>"; };
		4CF9EF9921F6DED600F8778B /* B2583.cpp */ = {isa = PBXFileReference; lastKnownFileType = sourcecode.cpp.cpp; path = B2583.cpp; sourceTree = "<group>"; };
		4CFF3763217F3A7900B5A332 /* B10845.cpp */ = {isa = PBXFileReference; lastKnownFileType = sourcecode.cpp.cpp; path = B10845.cpp; sourceTree = "<group>"; };
		4CFF3765217F427800B5A332 /* B1966.cpp */ = {isa = PBXFileReference; lastKnownFileType = sourcecode.cpp.cpp; path = B1966.cpp; sourceTree = "<group>"; };
/* End PBXFileReference section */

/* Begin PBXFrameworksBuildPhase section */
		4CF77E2A216372EB00E8DEF5 /* Frameworks */ = {
			isa = PBXFrameworksBuildPhase;
			buildActionMask = 2147483647;
			files = (
			);
			runOnlyForDeploymentPostprocessing = 0;
		};
/* End PBXFrameworksBuildPhase section */

/* Begin PBXGroup section */
		4C0302A7216CBB7700B62BD5 /* Stack */ = {
			isa = PBXGroup;
			children = (
				4C0302A4216CB63600B62BD5 /* B9012.cpp */,
				4C0302AB216CCBE500B62BD5 /* B10828.cpp */,
				4C023826216E171200657537 /* B1874.cpp */,
				4C1EDF16217890DD00C07157 /* B2504.cpp */,
			);
			path = Stack;
			sourceTree = "<group>";
		};
		4C27A4E22202E80100E8C9D2 /* DP */ = {
			isa = PBXGroup;
			children = (
				4C27A4E32202E81700E8C9D2 /* B9095.cpp */,
			);
			path = DP;
			sourceTree = "<group>";
		};
		4CF77E24216372EB00E8DEF5 = {
			isa = PBXGroup;
			children = (
				4C27A4E22202E80100E8C9D2 /* DP */,
				4CFF3762217F3A5C00B5A332 /* Queue */,
				4C0302A7216CBB7700B62BD5 /* Stack */,
				4CF77E2F216372EB00E8DEF5 /* Graph */,
				4CF77E2E216372EB00E8DEF5 /* Products */,
			);
			sourceTree = "<group>";
		};
		4CF77E2E216372EB00E8DEF5 /* Products */ = {
			isa = PBXGroup;
			children = (
				4CF77E2D216372EB00E8DEF5 /* 23rdSoptAlgo */,
			);
			name = Products;
			sourceTree = "<group>";
		};
		4CF77E2F216372EB00E8DEF5 /* Graph */ = {
			isa = PBXGroup;
			children = (
				4CF77E30216372EB00E8DEF5 /* B1260.cpp */,
				4CF77E3A216391B100E8DEF5 /* B2178.cpp */,
				4CF42FAD2164C56D003A9556 /* B1697.cpp */,
				4C5273F5216661830038950F /* B7576.cpp */,
				4CBFBF3921B6927C00918690 /* B2667.cpp */,
				4C355AFB21DB4A6C0030DAE2 /* B1012.cpp */,
				4C0D981821DCA1880002F80D /* B11403.cpp */,
				4CF9EF9921F6DED600F8778B /* B2583.cpp */,
				4CA75E4E21F98D1200681663 /* B11724.cpp */,
				4CA75E5021F99E4200681663 /* B1987.cpp */,
				4C17E79021FEEE9100FD3D9F /* B2468.cpp */,
				4C4F38DC220195C900C04E07 /* B6603.cpp */,
			);
			path = Graph;
			sourceTree = "<group>";
		};
		4CFF3762217F3A5C00B5A332 /* Queue */ = {
			isa = PBXGroup;
			children = (
				4CFF3763217F3A7900B5A332 /* B10845.cpp */,
				4CFF3765217F427800B5A332 /* B1966.cpp */,
				4C6A79A021809663000EBBFD /* B1158.cpp */,
			);
			path = Queue;
			sourceTree = "<group>";
		};
/* End PBXGroup section */

/* Begin PBXNativeTarget section */
		4CF77E2C216372EB00E8DEF5 /* 23rdSoptAlgo */ = {
			isa = PBXNativeTarget;
			buildConfigurationList = 4CF77E34216372EB00E8DEF5 /* Build configuration list for PBXNativeTarget "23rdSoptAlgo" */;
			buildPhases = (
				4CF77E29216372EB00E8DEF5 /* Sources */,
				4CF77E2A216372EB00E8DEF5 /* Frameworks */,
				4CF77E2B216372EB00E8DEF5 /* CopyFiles */,
			);
			buildRules = (
			);
			dependencies = (
			);
			name = 23rdSoptAlgo;
			productName = 23rdSoptAlgo;
			productReference = 4CF77E2D216372EB00E8DEF5 /* 23rdSoptAlgo */;
			productType = "com.apple.product-type.tool";
		};
/* End PBXNativeTarget section */

/* Begin PBXProject section */
		4CF77E25216372EB00E8DEF5 /* Project object */ = {
			isa = PBXProject;
			attributes = {
				LastUpgradeCheck = 0900;
				ORGANIZATIONNAME = Minhyoung;
				TargetAttributes = {
					4CF77E2C216372EB00E8DEF5 = {
						CreatedOnToolsVersion = 9.0;
						ProvisioningStyle = Automatic;
					};
				};
			};
			buildConfigurationList = 4CF77E28216372EB00E8DEF5 /* Build configuration list for PBXProject "23rdSoptAlgo" */;
			compatibilityVersion = "Xcode 8.0";
			developmentRegion = en;
			hasScannedForEncodings = 0;
			knownRegions = (
				en,
			);
			mainGroup = 4CF77E24216372EB00E8DEF5;
			productRefGroup = 4CF77E2E216372EB00E8DEF5 /* Products */;
			projectDirPath = "";
			projectRoot = "";
			targets = (
				4CF77E2C216372EB00E8DEF5 /* 23rdSoptAlgo */,
			);
		};
/* End PBXProject section */

/* Begin PBXSourcesBuildPhase section */
		4CF77E29216372EB00E8DEF5 /* Sources */ = {
			isa = PBXSourcesBuildPhase;
			buildActionMask = 2147483647;
			files = (
				4C27A4E42202E81700E8C9D2 /* B9095.cpp in Sources */,
			);
			runOnlyForDeploymentPostprocessing = 0;
		};
/* End PBXSourcesBuildPhase section */

/* Begin XCBuildConfiguration section */
		4CF77E32216372EB00E8DEF5 /* Debug */ = {
			isa = XCBuildConfiguration;
			buildSettings = {
				ALWAYS_SEARCH_USER_PATHS = NO;
				CLANG_ANALYZER_NONNULL = YES;
				CLANG_ANALYZER_NUMBER_OBJECT_CONVERSION = YES_AGGRESSIVE;
				CLANG_CXX_LANGUAGE_STANDARD = "gnu++14";
				CLANG_CXX_LIBRARY = "libc++";
				CLANG_ENABLE_MODULES = YES;
				CLANG_ENABLE_OBJC_ARC = YES;
				CLANG_WARN_BLOCK_CAPTURE_AUTORELEASING = YES;
				CLANG_WARN_BOOL_CONVERSION = YES;
				CLANG_WARN_COMMA = YES;
				CLANG_WARN_CONSTANT_CONVERSION = YES;
				CLANG_WARN_DIRECT_OBJC_ISA_USAGE = YES_ERROR;
				CLANG_WARN_DOCUMENTATION_COMMENTS = YES;
				CLANG_WARN_EMPTY_BODY = YES;
				CLANG_WARN_ENUM_CONVERSION = YES;
				CLANG_WARN_INFINITE_RECURSION = YES;
				CLANG_WARN_INT_CONVERSION = YES;
				CLANG_WARN_NON_LITERAL_NULL_CONVERSION = YES;
				CLANG_WARN_OBJC_LITERAL_CONVERSION = YES;
				CLANG_WARN_OBJC_ROOT_CLASS = YES_ERROR;
				CLANG_WARN_RANGE_LOOP_ANALYSIS = YES;
				CLANG_WARN_STRICT_PROTOTYPES = YES;
				CLANG_WARN_SUSPICIOUS_MOVE = YES;
				CLANG_WARN_UNGUARDED_AVAILABILITY = YES_AGGRESSIVE;
				CLANG_WARN_UNREACHABLE_CODE = YES;
				CLANG_WARN__DUPLICATE_METHOD_MATCH = YES;
				CODE_SIGN_IDENTITY = "-";
				COPY_PHASE_STRIP = NO;
				DEBUG_INFORMATION_FORMAT = dwarf;
				ENABLE_STRICT_OBJC_MSGSEND = YES;
				ENABLE_TESTABILITY = YES;
				GCC_C_LANGUAGE_STANDARD = gnu11;
				GCC_DYNAMIC_NO_PIC = NO;
				GCC_NO_COMMON_BLOCKS = YES;
				GCC_OPTIMIZATION_LEVEL = 0;
				GCC_PREPROCESSOR_DEFINITIONS = (
					"DEBUG=1",
					"$(inherited)",
				);
				GCC_WARN_64_TO_32_BIT_CONVERSION = YES;
				GCC_WARN_ABOUT_RETURN_TYPE = YES_ERROR;
				GCC_WARN_UNDECLARED_SELECTOR = YES;
				GCC_WARN_UNINITIALIZED_AUTOS = YES_AGGRESSIVE;
				GCC_WARN_UNUSED_FUNCTION = YES;
				GCC_WARN_UNUSED_VARIABLE = YES;
				MACOSX_DEPLOYMENT_TARGET = 10.12;
				MTL_ENABLE_DEBUG_INFO = YES;
				ONLY_ACTIVE_ARCH = YES;
				SDKROOT = macosx;
			};
			name = Debug;
		};
		4CF77E33216372EB00E8DEF5 /* Release */ = {
			isa = XCBuildConfiguration;
			buildSettings = {
				ALWAYS_SEARCH_USER_PATHS = NO;
				CLANG_ANALYZER_NONNULL = YES;
				CLANG_ANALYZER_NUMBER_OBJECT_CONVERSION = YES_AGGRESSIVE;
				CLANG_CXX_LANGUAGE_STANDARD = "gnu++14";
				CLANG_CXX_LIBRARY = "libc++";
				CLANG_ENABLE_MODULES = YES;
				CLANG_ENABLE_OBJC_ARC = YES;
				CLANG_WARN_BLOCK_CAPTURE_AUTORELEASING = YES;
				CLANG_WARN_BOOL_CONVERSION = YES;
				CLANG_WARN_COMMA = YES;
				CLANG_WARN_CONSTANT_CONVERSION = YES;
				CLANG_WARN_DIRECT_OBJC_ISA_USAGE = YES_ERROR;
				CLANG_WARN_DOCUMENTATION_COMMENTS = YES;
				CLANG_WARN_EMPTY_BODY = YES;
				CLANG_WARN_ENUM_CONVERSION = YES;
				CLANG_WARN_INFINITE_RECURSION = YES;
				CLANG_WARN_INT_CONVERSION = YES;
				CLANG_WARN_NON_LITERAL_NULL_CONVERSION = YES;
				CLANG_WARN_OBJC_LITERAL_CONVERSION = YES;
				CLANG_WARN_OBJC_ROOT_CLASS = YES_ERROR;
				CLANG_WARN_RANGE_LOOP_ANALYSIS = YES;
				CLANG_WARN_STRICT_PROTOTYPES = YES;
				CLANG_WARN_SUSPICIOUS_MOVE = YES;
				CLANG_WARN_UNGUARDED_AVAILABILITY = YES_AGGRESSIVE;
				CLANG_WARN_UNREACHABLE_CODE = YES;
				CLANG_WARN__DUPLICATE_METHOD_MATCH = YES;
				CODE_SIGN_IDENTITY = "-";
				COPY_PHASE_STRIP = NO;
				DEBUG_INFORMATION_FORMAT = "dwarf-with-dsym";
				ENABLE_NS_ASSERTIONS = NO;
				ENABLE_STRICT_OBJC_MSGSEND = YES;
				GCC_C_LANGUAGE_STANDARD = gnu11;
				GCC_NO_COMMON_BLOCKS = YES;
				GCC_WARN_64_TO_32_BIT_CONVERSION = YES;
				GCC_WARN_ABOUT_RETURN_TYPE = YES_ERROR;
				GCC_WARN_UNDECLARED_SELECTOR = YES;
				GCC_WARN_UNINITIALIZED_AUTOS = YES_AGGRESSIVE;
				GCC_WARN_UNUSED_FUNCTION = YES;
				GCC_WARN_UNUSED_VARIABLE = YES;
				MACOSX_DEPLOYMENT_TARGET = 10.12;
				MTL_ENABLE_DEBUG_INFO = NO;
				SDKROOT = macosx;
			};
			name = Release;
		};
		4CF77E35216372EB00E8DEF5 /* Debug */ = {
			isa = XCBuildConfiguration;
			buildSettings = {
				CODE_SIGN_STYLE = Automatic;
				PRODUCT_NAME = "$(TARGET_NAME)";
			};
			name = Debug;
		};
		4CF77E36216372EB00E8DEF5 /* Release */ = {
			isa = XCBuildConfiguration;
			buildSettings = {
				CODE_SIGN_STYLE = Automatic;
				PRODUCT_NAME = "$(TARGET_NAME)";
			};
			name = Release;
		};
/* End XCBuildConfiguration section */

/* Begin XCConfigurationList section */
		4CF77E28216372EB00E8DEF5 /* Build configuration list for PBXProject "23rdSoptAlgo" */ = {
			isa = XCConfigurationList;
			buildConfigurations = (
				4CF77E32216372EB00E8DEF5 /* Debug */,
				4CF77E33216372EB00E8DEF5 /* Release */,
			);
			defaultConfigurationIsVisible = 0;
			defaultConfigurationName = Release;
		};
		4CF77E34216372EB00E8DEF5 /* Build configuration list for PBXNativeTarget "23rdSoptAlgo" */ = {
			isa = XCConfigurationList;
			buildConfigurations = (
				4CF77E35216372EB00E8DEF5 /* Debug */,
				4CF77E36216372EB00E8DEF5 /* Release */,
			);
			defaultConfigurationIsVisible = 0;
			defaultConfigurationName = Release;
		};
/* End XCConfigurationList section */
	};
	rootObject = 4CF77E25216372EB00E8DEF5 /* Project object */;
}
